
Microsoft Visual Studio Solution File, Format Version 12.00
# Visual Studio 15
VisualStudioVersion = 15.0.28307.329
MinimumVisualStudioVersion = 10.0.40219.1
Project("{FAE04EC0-301F-11D3-BF4B-00C04F79EFBC}") = "NamePlt", "NamePlt.csproj", "{774FC6F2-E85F-4A44-AF1C-CD8765F35BC1}"
EndProject
Global
	GlobalSection(SolutionConfigurationPlatforms) = preSolution
		Debug|Any CPU = Debug|Any CPU
		Debug|x64 = Debug|x64
		Debug|x86 = Debug|x86
		Release|Any CPU = Release|Any CPU
		Release|x64 = Release|x64
		Release|x86 = Release|x86
	EndGlobalSection
	GlobalSection(ProjectConfigurationPlatforms) = postSolution
		{774FC6F2-E85F-4A44-AF1C-CD8765F35BC1}.Debug|Any CPU.ActiveCfg = Debug|Any CPU
		{774FC6F2-E85F-4A44-AF1C-CD8765F35BC1}.Debug|Any CPU.Build.0 = Debug|Any CPU
		{774FC6F2-E85F-4A44-AF1C-CD8765F35BC1}.Debug|x64.ActiveCfg = Debug|x64
		{774FC6F2-E85F-4A44-AF1C-CD8765F35BC1}.Debug|x64.Build.0 = Debug|x64
		{774FC6F2-E85F-4A44-AF1C-CD8765F35BC1}.Debug|x86.ActiveCfg = Debug|x86
		{774FC6F2-E85F-4A44-AF1C-CD8765F35BC1}.Debug|x86.Build.0 = Debug|x86
		{774FC6F2-E85F-4A44-AF1C-CD8765F35BC1}.Release|Any CPU.ActiveCfg = Release|Any CPU
		{774FC6F2-E85F-4A44-AF1C-CD8765F35BC1}.Release|Any CPU.Build.0 = Release|Any CPU
		{774FC6F2-E85F-4A44-AF1C-CD8765F35BC1}.Release|x64.ActiveCfg = Release|x64
		{774FC6F2-E85F-4A44-AF1C-CD8765F35BC1}.Release|x64.Build.0 = Release|x64
		{774FC6F2-E85F-4A44-AF1C-CD8765F35BC1}.Release|x86.ActiveCfg = Release|x86
		{774FC6F2-E85F-4A44-AF1C-CD8765F35BC1}.Release|x86.Build.0 = Release|x86
	EndGlobalSection
	GlobalSection(SolutionProperties) = preSolution
		HideSolutionNode = FALSE
	EndGlobalSection
	GlobalSection(ExtensibilityGlobals) = postSolution
		SolutionGuid = {8B568A11-B4BD-48DA-AF39-5AA12B42777F}
	EndGlobalSection
	GlobalSection(DPCodeReviewSolutionGUID) = preSolution
		DPCodeReviewSolutionGUID = {00000000-0000-0000-0000-000000000000}
	EndGlobalSection
EndGlobal
